
Microsoft Visual Studio Solution File, Format Version 12.00
# Visual Studio 2017
Project("{FAE04EC0-301F-11D3-BF4B-00C04F79EFBC}") = "VIPVrRoom-master", "VIPVrRoom-master.csproj", "{12E79E2C-88DD-5834-13F4-11C77FC4070E}"
EndProject
Project("{FAE04EC0-301F-11D3-BF4B-00C04F79EFBC}") = "VIPVrRoom-master.Editor", "VIPVrRoom-master.Editor.csproj", "{EAD5ED27-1D7D-2016-05FD-4068324A4382}"
EndProject
Global
	GlobalSection(SolutionConfigurationPlatforms) = preSolution
		Debug|Any CPU = Debug|Any CPU
		Release|Any CPU = Release|Any CPU
	EndGlobalSection
	GlobalSection(ProjectConfigurationPlatforms) = postSolution
		{12E79E2C-88DD-5834-13F4-11C77FC4070E}.Debug|Any CPU.ActiveCfg = Debug|Any CPU
		{12E79E2C-88DD-5834-13F4-11C77FC4070E}.Debug|Any CPU.Build.0 = Debug|Any CPU
		{12E79E2C-88DD-5834-13F4-11C77FC4070E}.Release|Any CPU.ActiveCfg = Release|Any CPU
		{12E79E2C-88DD-5834-13F4-11C77FC4070E}.Release|Any CPU.Build.0 = Release|Any CPU
		{EAD5ED27-1D7D-2016-05FD-4068324A4382}.Debug|Any CPU.ActiveCfg = Debug|Any CPU
		{EAD5ED27-1D7D-2016-05FD-4068324A4382}.Debug|Any CPU.Build.0 = Debug|Any CPU
		{EAD5ED27-1D7D-2016-05FD-4068324A4382}.Release|Any CPU.ActiveCfg = Release|Any CPU
		{EAD5ED27-1D7D-2016-05FD-4068324A4382}.Release|Any CPU.Build.0 = Release|Any CPU
	EndGlobalSection
	GlobalSection(SolutionProperties) = preSolution
		HideSolutionNode = FALSE
	EndGlobalSection
EndGlobal
